{
    "_readme": [
        "This file locks the dependencies of your project to a known state",
        "Read more about it at https://getcomposer.org/doc/01-basic-usage.md#installing-dependencies",
        "This file is @generated automatically"
    ],
    "content-hash": "44f3cd5f0c97f6adf51b3dc6bf2e17c3",
    "packages": [
        {
            "name": "setasign/fpdf",
            "version": "1.8.1",
            "source": {
                "type": "git",
                "url": "https://github.com/Setasign/FPDF.git",
                "reference": "2c68c9e6c034ac3187d25968790139a73184cdb1"
            },
            "dist": {
                "type": "zip",
                "url": "https://api.github.com/repos/Setasign/FPDF/zipball/2c68c9e6c034ac3187d25968790139a73184cdb1",
                "reference": "2c68c9e6c034ac3187d25968790139a73184cdb1",
                "shasum": ""
            },
            "type": "library",
            "autoload": {
                "classmap": [
                    "fpdf.php"
                ]
            },
            "notification-url": "https://packagist.org/downloads/",
            "license": [
                "no usage restriction"
            ],
            "authors": [
                {
                    "name": "Olivier Plathey",
                    "email": "oliver@fpdf.org",
                    "homepage": "http://fpdf.org/"
                }
            ],
            "description": "FPDF is a PHP class which allows to generate PDF files with pure PHP. F from FPDF stands for Free: you may use it for any kind of usage and modify it to suit your needs.",
            "homepage": "http://www.fpdf.org",
            "keywords": [
                "fpdf",
                "pdf"
            ],
            "time": "2016-01-01T17:47:15+00:00"
        },
        {
            "name": "webfontkit/roboto",
            "version": "1.0.0",
            "source": {
                "type": "git",
                "url": "https://github.com/webfontkit/roboto.git",
                "reference": "67d303e04ed9441b07b3e81468aed7b600e84606"
            },
            "dist": {
                "type": "zip",
                "url": "https://api.github.com/repos/webfontkit/roboto/zipball/67d303e04ed9441b07b3e81468aed7b600e84606",
                "reference": "67d303e04ed9441b07b3e81468aed7b600e84606",
                "shasum": ""
            },
            "type": "library",
            "notification-url": "https://packagist.org/downloads/",
            "license": [
                "Apache-2.0"
            ],
            "description": "Roboto has a dual nature. It has a mechanical skeleton and the forms are largely geometric. At the same time, the font features friendly and open curves. While some grotesks distort their letterforms to force a rigid rhythm, Roboto doesn’t compromise, allowing letters to be settled into their natural width. This makes for a more natural reading rhythm more commonly found in humanist and serif types.",
            "homepage": "http://www.google.com/fonts/specimen/Roboto",
            "time": "2014-08-20T20:07:31+00:00"
        }
    ],
    "packages-dev": [],
    "aliases": [],
    "minimum-stability": "stable",
    "stability-flags": [],
    "prefer-stable": false,
    "prefer-lowest": false,
    "platform": [],
    "platform-dev": []
}
